
Microsoft Visual Studio Solution File, Format Version 12.00
# Visual Studio Version 16
VisualStudioVersion = 16.0.33027.164
MinimumVisualStudioVersion = 10.0.40219.1
Project("{9A19103F-16F7-4668-BE54-9A1E7A4F7556}") = "VectorTraits.Sample", "samples\VectorTraits.Sample\VectorTraits.Sample.csproj", "{8ECAE95B-F799-4F02-B598-3FE3E3DE9291}"
EndProject
Project("{2150E333-8FDC-42A3-9474-1A3956D46DE8}") = "src", "src", "{087AC9E5-34F6-4254-948C-4CA85204FE24}"
EndProject
Project("{2150E333-8FDC-42A3-9474-1A3956D46DE8}") = "tests", "tests", "{C49387B4-769A-47F2-9D37-79A13956650D}"
EndProject
Project("{2150E333-8FDC-42A3-9474-1A3956D46DE8}") = "samples", "samples", "{7FEBEE53-6B60-400E-85F3-236B83B6311D}"
EndProject
Project("{9A19103F-16F7-4668-BE54-9A1E7A4F7556}") = "VectorTraits", "src\VectorTraits\VectorTraits.csproj", "{2D7A8A09-BBD5-49F4-85A8-735A862B6FD5}"
EndProject
Project("{2150E333-8FDC-42A3-9474-1A3956D46DE8}") = "Solution Items", "Solution Items", "{51E2D441-C1EA-422B-BEB3-0EC370181A12}"
	ProjectSection(SolutionItems) = preProject
		.editorconfig = .editorconfig
		LICENSE = LICENSE
		README.md = README.md
		README_Chinese.md = README_Chinese.md
	EndProjectSection
EndProject
Project("{D954291E-2A0B-460D-934E-DC6B0785DB48}") = "VectorTraits.InfoInc", "src\VectorTraits.InfoInc\VectorTraits.InfoInc.shproj", "{81CCAD3F-6606-410B-9D02-3F8FC65CACE5}"
EndProject
Project("{D954291E-2A0B-460D-934E-DC6B0785DB48}") = "VectorTraits.Benchmarks.Inc", "tests\VectorTraits.Benchmarks.Inc\VectorTraits.Benchmarks.Inc.shproj", "{22375BC5-630E-4414-9C45-F749AE13CAE1}"
EndProject
Project("{D954291E-2A0B-460D-934E-DC6B0785DB48}") = "VectorTraits.Benchmarks.Core.Inc", "tests\VectorTraits.Benchmarks.Core.Inc\VectorTraits.Benchmarks.Core.Inc.shproj", "{FF651659-BDF2-4B61-81E6-EDBA29E1AB57}"
EndProject
Project("{9A19103F-16F7-4668-BE54-9A1E7A4F7556}") = "VectorTraits.Benchmarks", "tests\VectorTraits.Benchmarks\VectorTraits.Benchmarks.csproj", "{6D794C59-52C2-4853-9124-84FA8FEE0ACB}"
EndProject
Project("{D954291E-2A0B-460D-934E-DC6B0785DB48}") = "BenchmarkDotNet.Mock", "tests\BenchmarkDotNet.Mock\BenchmarkDotNet.Mock.shproj", "{FE742124-F9F3-463D-83D2-2FA9E33E0505}"
EndProject
Project("{9A19103F-16F7-4668-BE54-9A1E7A4F7556}") = "VectorTraits.Tests", "tests\VectorTraits.Tests\VectorTraits.Tests.csproj", "{E92ED650-5ED8-442B-840C-AF6AA7A2109C}"
EndProject
Project("{9A19103F-16F7-4668-BE54-9A1E7A4F7556}") = "VectorTraits.Benchmarks.NetCore", "tests\VectorTraits.Benchmarks.NetCore\VectorTraits.Benchmarks.NetCore.csproj", "{EFA732BA-F81C-482D-9BDE-80753CB0C9A8}"
EndProject
Project("{FAE04EC0-301F-11D3-BF4B-00C04F79EFBC}") = "VectorTraits.Benchmarks.NetFw", "tests\VectorTraits.Benchmarks.NetFw\VectorTraits.Benchmarks.NetFw.csproj", "{A732C040-1F30-4A0A-BE44-C93AE15CA954}"
EndProject
Project("{FAE04EC0-301F-11D3-BF4B-00C04F79EFBC}") = "VectorTraits.Output", "samples\VectorTraits.Output\VectorTraits.Output.csproj", "{DE1E8655-C240-4B92-9391-10D0B44D50A0}"
EndProject
Global
	GlobalSection(SharedMSBuildProjectFiles) = preSolution
		tests\VectorTraits.Benchmarks.Inc\VectorTraits.Benchmarks.Inc.projitems*{22375bc5-630e-4414-9c45-f749ae13cae1}*SharedItemsImports = 13
		src\VectorTraits.InfoInc\VectorTraits.InfoInc.projitems*{6d794c59-52c2-4853-9124-84fa8fee0acb}*SharedItemsImports = 5
		tests\VectorTraits.Benchmarks.Core.Inc\VectorTraits.Benchmarks.Core.Inc.projitems*{6d794c59-52c2-4853-9124-84fa8fee0acb}*SharedItemsImports = 5
		tests\VectorTraits.Benchmarks.Inc\VectorTraits.Benchmarks.Inc.projitems*{6d794c59-52c2-4853-9124-84fa8fee0acb}*SharedItemsImports = 5
		src\VectorTraits.InfoInc\VectorTraits.InfoInc.projitems*{81ccad3f-6606-410b-9d02-3f8fc65cace5}*SharedItemsImports = 13
		src\VectorTraits.InfoInc\VectorTraits.InfoInc.projitems*{8ecae95b-f799-4f02-b598-3fe3e3de9291}*SharedItemsImports = 5
		src\VectorTraits.InfoInc\VectorTraits.InfoInc.projitems*{a732c040-1f30-4a0a-be44-c93ae15ca954}*SharedItemsImports = 4
		tests\BenchmarkDotNet.Mock\BenchmarkDotNet.Mock.projitems*{a732c040-1f30-4a0a-be44-c93ae15ca954}*SharedItemsImports = 4
		tests\VectorTraits.Benchmarks.Core.Inc\VectorTraits.Benchmarks.Core.Inc.projitems*{a732c040-1f30-4a0a-be44-c93ae15ca954}*SharedItemsImports = 4
		tests\VectorTraits.Benchmarks.Inc\VectorTraits.Benchmarks.Inc.projitems*{a732c040-1f30-4a0a-be44-c93ae15ca954}*SharedItemsImports = 4
		src\VectorTraits.InfoInc\VectorTraits.InfoInc.projitems*{de1e8655-c240-4b92-9391-10d0b44d50a0}*SharedItemsImports = 5
		src\VectorTraits.InfoInc\VectorTraits.InfoInc.projitems*{efa732ba-f81c-482d-9bde-80753cb0c9a8}*SharedItemsImports = 5
		tests\BenchmarkDotNet.Mock\BenchmarkDotNet.Mock.projitems*{efa732ba-f81c-482d-9bde-80753cb0c9a8}*SharedItemsImports = 5
		tests\VectorTraits.Benchmarks.Core.Inc\VectorTraits.Benchmarks.Core.Inc.projitems*{efa732ba-f81c-482d-9bde-80753cb0c9a8}*SharedItemsImports = 5
		tests\VectorTraits.Benchmarks.Inc\VectorTraits.Benchmarks.Inc.projitems*{efa732ba-f81c-482d-9bde-80753cb0c9a8}*SharedItemsImports = 5
		tests\BenchmarkDotNet.Mock\BenchmarkDotNet.Mock.projitems*{fe742124-f9f3-463d-83d2-2fa9e33e0505}*SharedItemsImports = 13
		tests\VectorTraits.Benchmarks.Core.Inc\VectorTraits.Benchmarks.Core.Inc.projitems*{ff651659-bdf2-4b61-81e6-edba29e1ab57}*SharedItemsImports = 13
	EndGlobalSection
	GlobalSection(SolutionConfigurationPlatforms) = preSolution
		Debug|Any CPU = Debug|Any CPU
		Release|Any CPU = Release|Any CPU
	EndGlobalSection
	GlobalSection(ProjectConfigurationPlatforms) = postSolution
		{8ECAE95B-F799-4F02-B598-3FE3E3DE9291}.Debug|Any CPU.ActiveCfg = Debug|Any CPU
		{8ECAE95B-F799-4F02-B598-3FE3E3DE9291}.Debug|Any CPU.Build.0 = Debug|Any CPU
		{8ECAE95B-F799-4F02-B598-3FE3E3DE9291}.Release|Any CPU.ActiveCfg = Release|Any CPU
		{8ECAE95B-F799-4F02-B598-3FE3E3DE9291}.Release|Any CPU.Build.0 = Release|Any CPU
		{2D7A8A09-BBD5-49F4-85A8-735A862B6FD5}.Debug|Any CPU.ActiveCfg = Debug|Any CPU
		{2D7A8A09-BBD5-49F4-85A8-735A862B6FD5}.Debug|Any CPU.Build.0 = Debug|Any CPU
		{2D7A8A09-BBD5-49F4-85A8-735A862B6FD5}.Release|Any CPU.ActiveCfg = Release|Any CPU
		{2D7A8A09-BBD5-49F4-85A8-735A862B6FD5}.Release|Any CPU.Build.0 = Release|Any CPU
		{6D794C59-52C2-4853-9124-84FA8FEE0ACB}.Debug|Any CPU.ActiveCfg = Debug|Any CPU
		{6D794C59-52C2-4853-9124-84FA8FEE0ACB}.Debug|Any CPU.Build.0 = Debug|Any CPU
		{6D794C59-52C2-4853-9124-84FA8FEE0ACB}.Release|Any CPU.ActiveCfg = Release|Any CPU
		{6D794C59-52C2-4853-9124-84FA8FEE0ACB}.Release|Any CPU.Build.0 = Release|Any CPU
		{E92ED650-5ED8-442B-840C-AF6AA7A2109C}.Debug|Any CPU.ActiveCfg = Debug|Any CPU
		{E92ED650-5ED8-442B-840C-AF6AA7A2109C}.Debug|Any CPU.Build.0 = Debug|Any CPU
		{E92ED650-5ED8-442B-840C-AF6AA7A2109C}.Release|Any CPU.ActiveCfg = Release|Any CPU
		{E92ED650-5ED8-442B-840C-AF6AA7A2109C}.Release|Any CPU.Build.0 = Release|Any CPU
		{EFA732BA-F81C-482D-9BDE-80753CB0C9A8}.Debug|Any CPU.ActiveCfg = Debug|Any CPU
		{EFA732BA-F81C-482D-9BDE-80753CB0C9A8}.Debug|Any CPU.Build.0 = Debug|Any CPU
		{EFA732BA-F81C-482D-9BDE-80753CB0C9A8}.Release|Any CPU.ActiveCfg = Release|Any CPU
		{EFA732BA-F81C-482D-9BDE-80753CB0C9A8}.Release|Any CPU.Build.0 = Release|Any CPU
		{A732C040-1F30-4A0A-BE44-C93AE15CA954}.Debug|Any CPU.ActiveCfg = Debug|Any CPU
		{A732C040-1F30-4A0A-BE44-C93AE15CA954}.Debug|Any CPU.Build.0 = Debug|Any CPU
		{A732C040-1F30-4A0A-BE44-C93AE15CA954}.Release|Any CPU.ActiveCfg = Release|Any CPU
		{A732C040-1F30-4A0A-BE44-C93AE15CA954}.Release|Any CPU.Build.0 = Release|Any CPU
		{DE1E8655-C240-4B92-9391-10D0B44D50A0}.Debug|Any CPU.ActiveCfg = Debug|Any CPU
		{DE1E8655-C240-4B92-9391-10D0B44D50A0}.Debug|Any CPU.Build.0 = Debug|Any CPU
		{DE1E8655-C240-4B92-9391-10D0B44D50A0}.Release|Any CPU.ActiveCfg = Release|Any CPU
		{DE1E8655-C240-4B92-9391-10D0B44D50A0}.Release|Any CPU.Build.0 = Release|Any CPU
	EndGlobalSection
	GlobalSection(SolutionProperties) = preSolution
		HideSolutionNode = FALSE
	EndGlobalSection
	GlobalSection(NestedProjects) = preSolution
		{8ECAE95B-F799-4F02-B598-3FE3E3DE9291} = {7FEBEE53-6B60-400E-85F3-236B83B6311D}
		{2D7A8A09-BBD5-49F4-85A8-735A862B6FD5} = {087AC9E5-34F6-4254-948C-4CA85204FE24}
		{81CCAD3F-6606-410B-9D02-3F8FC65CACE5} = {087AC9E5-34F6-4254-948C-4CA85204FE24}
		{22375BC5-630E-4414-9C45-F749AE13CAE1} = {C49387B4-769A-47F2-9D37-79A13956650D}
		{6D794C59-52C2-4853-9124-84FA8FEE0ACB} = {C49387B4-769A-47F2-9D37-79A13956650D}
		{FE742124-F9F3-463D-83D2-2FA9E33E0505} = {C49387B4-769A-47F2-9D37-79A13956650D}
		{E92ED650-5ED8-442B-840C-AF6AA7A2109C} = {C49387B4-769A-47F2-9D37-79A13956650D}
		{EFA732BA-F81C-482D-9BDE-80753CB0C9A8} = {C49387B4-769A-47F2-9D37-79A13956650D}
		{A732C040-1F30-4A0A-BE44-C93AE15CA954} = {C49387B4-769A-47F2-9D37-79A13956650D}
		{DE1E8655-C240-4B92-9391-10D0B44D50A0} = {7FEBEE53-6B60-400E-85F3-236B83B6311D}
		{FF651659-BDF2-4B61-81E6-EDBA29E1AB57} = {C49387B4-769A-47F2-9D37-79A13956650D}
	EndGlobalSection
	GlobalSection(ExtensibilityGlobals) = postSolution
		SolutionGuid = {563C5B68-C47B-4FD9-9EB3-279A64EE805C}
	EndGlobalSection
EndGlobal
